
Microsoft Visual Studio Solution File, Format Version 12.00
# Visual Studio Version 17
VisualStudioVersion = 17.11.0.0
MinimumVisualStudioVersion = 17.0.31903.59
# ---------------------------------------------------------------------------------------------------
# Route B (EP-VS #25) — the VSIX project system / project flavor for .pgproj.
#
# THIS SOLUTION IS DELIBERATELY SEPARATE FROM ../../PgProj.slnx.
# It can ONLY be built inside Visual Studio with the "Visual Studio extension development" workload
# (the VS SDK / Microsoft.VSSDK.BuildTools) installed. It is NOT a `dotnet build` participant and is
# intentionally excluded from PgProj.slnx and the `dotnet test` suite. See README.md.
# ---------------------------------------------------------------------------------------------------
Project("{FAE04EC0-301F-11D3-BF4B-00C04F79EFBC}") = "PgProj.VisualStudio", "PgProj.VisualStudio\PgProj.VisualStudio.csproj", "{B0000000-0000-0000-0000-000000000025}"
EndProject
Global
	GlobalSection(SolutionConfigurationPlatforms) = preSolution
		Debug|Any CPU = Debug|Any CPU
		Release|Any CPU = Release|Any CPU
	EndGlobalSection
	GlobalSection(ProjectConfigurationPlatforms) = postSolution
		{B0000000-0000-0000-0000-000000000025}.Debug|Any CPU.ActiveCfg = Debug|Any CPU
		{B0000000-0000-0000-0000-000000000025}.Debug|Any CPU.Build.0 = Debug|Any CPU
		{B0000000-0000-0000-0000-000000000025}.Release|Any CPU.ActiveCfg = Release|Any CPU
		{B0000000-0000-0000-0000-000000000025}.Release|Any CPU.Build.0 = Release|Any CPU
	EndGlobalSection
	GlobalSection(SolutionProperties) = preSolution
		HideSolutionNode = FALSE
	EndGlobalSection
EndGlobal
